
Microsoft Visual Studio Solution File, Format Version 12.00
Project("{FAE04EC0-301F-11D3-BF4B-00C04F79EFBC}") = "demoapp", "src\demoapp\demoapp.csproj", "{509782C1-04B2-45B1-9612-009C386259DD}"
EndProject
Global
	GlobalSection(SolutionConfigurationPlatforms) = preSolution
		Debug|Any CPU = Debug|Any CPU
		Release|Any CPU = Release|Any CPU
	EndGlobalSection
	GlobalSection(ProjectConfigurationPlatforms) = postSolution
		{509782C1-04B2-45B1-9612-009C386259DD}.Debug|Any CPU.ActiveCfg = Debug|Any CPU
		{509782C1-04B2-45B1-9612-009C386259DD}.Debug|Any CPU.Build.0 = Debug|Any CPU
		{509782C1-04B2-45B1-9612-009C386259DD}.Release|Any CPU.ActiveCfg = Release|Any CPU
		{509782C1-04B2-45B1-9612-009C386259DD}.Release|Any CPU.Build.0 = Release|Any CPU
	EndGlobalSection
EndGlobal
